{
  "requires": true,
  "lockfileVersion": 1,
  "dependencies": {
    "axios": {
      "version": "0.16.2",
      "resolved": "https://registry.npmjs.org/axios/-/axios-0.16.2.tgz",
      "integrity": "sha1-uk+S8XFn37q0CYN4VFS5rBScPG0=",
      "dev": true
    },
    "bootstrap-sass": {
      "version": "3.3.7",
      "resolved": "https://registry.npmjs.org/bootstrap-sass/-/bootstrap-sass-3.3.7.tgz",
      "integrity": "sha1-ZZbHq0D2Y3OTMjqwvIDQZPxjBJg=",
      "dev": true
    },
    "cross-env": {
      "version": "5.0.1",
      "resolved": "https://registry.npmjs.org/cross-env/-/cross-env-5.0.1.tgz",
      "integrity": "sha1-/05y6kO0faJIa0On8gQ7JgnkSRM=",
      "dev": true
    },
    "jquery": {
      "version": "3.2.1",
      "resolved": "https://registry.npmjs.org/jquery/-/jquery-3.2.1.tgz",
      "integrity": "sha1-XE2d5lKvbNCncBVKYxu6ErAVx4c=",
      "dev": true
    },
    "laravel-mix": {
      "version": "1.0.7",
      "resolved": "https://registry.npmjs.org/laravel-mix/-/laravel-mix-1.0.7.tgz",
      "integrity": "sha512-rZjx4Gc9ngqej/sVPeegZPyF02HWQOUXuP+xURtTwJ9/0NEMz3VPHiIxOywEJKzxEMyrp5YJtN30q8kwrXebTw==",
      "dev": true
    },
    "lodash": {
      "version": "4.17.21",
      "resolved": "https://registry.npmjs.org/lodash/-/lodash-4.17.21.tgz",
      "integrity": "sha512-v2kDEe57lecTulaDIuNTPy3Ry4gLGJ6Z1O3vE1krgXZNrsQ+LFTGHVxVjcXPs17LhbZVGedAJv8XZ1tvj5FvSg==",
      "dev": true
    },
    "vue": {
      "version": "2.3.4",
      "resolved": "https://registry.npmjs.org/vue/-/vue-2.3.4.tgz",
      "integrity": "sha512-oLCxuVcVQ2inwSbS7B+zfjB6CSjgQ0yyCOzPcg7S5CXeOCbtkaiN5frR6MtwvrveqbG86OsGd9jWf6JsGyQkLw==",
      "dev": true
    }
  }
}
